
Microsoft Visual Studio Solution File, Format Version 12.00
# Visual Studio Version 16
VisualStudioVersion = 16.0.30611.23
MinimumVisualStudioVersion = 10.0.40219.1
Project("{FAE04EC0-301F-11D3-BF4B-00C04F79EFBC}") = "ASasitharan_NETD3202_Lab3", "ASasitharan_NETD3202_Lab3.csproj", "{B05E6818-FA19-4993-917B-E1EF7F163913}"
EndProject
Global
	GlobalSection(SolutionConfigurationPlatforms) = preSolution
		Debug|Any CPU = Debug|Any CPU
		Release|Any CPU = Release|Any CPU
	EndGlobalSection
	GlobalSection(ProjectConfigurationPlatforms) = postSolution
		{B05E6818-FA19-4993-917B-E1EF7F163913}.Debug|Any CPU.ActiveCfg = Debug|Any CPU
		{B05E6818-FA19-4993-917B-E1EF7F163913}.Debug|Any CPU.Build.0 = Debug|Any CPU
		{B05E6818-FA19-4993-917B-E1EF7F163913}.Release|Any CPU.ActiveCfg = Release|Any CPU
		{B05E6818-FA19-4993-917B-E1EF7F163913}.Release|Any CPU.Build.0 = Release|Any CPU
	EndGlobalSection
	GlobalSection(SolutionProperties) = preSolution
		HideSolutionNode = FALSE
	EndGlobalSection
	GlobalSection(ExtensibilityGlobals) = postSolution
		SolutionGuid = {E57BB288-1A45-44EC-BAF0-94C8EE22393F}
	EndGlobalSection
EndGlobal
